
Microsoft Visual Studio Solution File, Format Version 12.00
# Visual Studio Version 17
VisualStudioVersion = 17.0.31710.8
MinimumVisualStudioVersion = 10.0.40219.1
Project("{9A19103F-16F7-4668-BE54-9A1E7A4F7556}") = "Miralissa.Server", "Miralissa\Server\Miralissa.Server.csproj", "{8741F3D1-3BB5-495A-B283-B950F07E49C9}"
EndProject
Project("{9A19103F-16F7-4668-BE54-9A1E7A4F7556}") = "Miralissa.Client", "Miralissa\Client\Miralissa.Client.csproj", "{0F456EAF-E2B7-4EA1-88EA-9A313281B4CF}"
EndProject
Project("{9A19103F-16F7-4668-BE54-9A1E7A4F7556}") = "Miralissa.Shared", "Miralissa\Shared\Miralissa.Shared.csproj", "{A66D7D28-BFFB-40BE-96D3-627DC85E8A16}"
EndProject
Global
	GlobalSection(SolutionConfigurationPlatforms) = preSolution
		Debug|Any CPU = Debug|Any CPU
		Release|Any CPU = Release|Any CPU
	EndGlobalSection
	GlobalSection(ProjectConfigurationPlatforms) = postSolution
		{8741F3D1-3BB5-495A-B283-B950F07E49C9}.Debug|Any CPU.ActiveCfg = Debug|Any CPU
		{8741F3D1-3BB5-495A-B283-B950F07E49C9}.Debug|Any CPU.Build.0 = Debug|Any CPU
		{8741F3D1-3BB5-495A-B283-B950F07E49C9}.Release|Any CPU.ActiveCfg = Release|Any CPU
		{8741F3D1-3BB5-495A-B283-B950F07E49C9}.Release|Any CPU.Build.0 = Release|Any CPU
		{0F456EAF-E2B7-4EA1-88EA-9A313281B4CF}.Debug|Any CPU.ActiveCfg = Debug|Any CPU
		{0F456EAF-E2B7-4EA1-88EA-9A313281B4CF}.Debug|Any CPU.Build.0 = Debug|Any CPU
		{0F456EAF-E2B7-4EA1-88EA-9A313281B4CF}.Release|Any CPU.ActiveCfg = Release|Any CPU
		{0F456EAF-E2B7-4EA1-88EA-9A313281B4CF}.Release|Any CPU.Build.0 = Release|Any CPU
		{A66D7D28-BFFB-40BE-96D3-627DC85E8A16}.Debug|Any CPU.ActiveCfg = Debug|Any CPU
		{A66D7D28-BFFB-40BE-96D3-627DC85E8A16}.Debug|Any CPU.Build.0 = Debug|Any CPU
		{A66D7D28-BFFB-40BE-96D3-627DC85E8A16}.Release|Any CPU.ActiveCfg = Release|Any CPU
		{A66D7D28-BFFB-40BE-96D3-627DC85E8A16}.Release|Any CPU.Build.0 = Release|Any CPU
	EndGlobalSection
	GlobalSection(SolutionProperties) = preSolution
		HideSolutionNode = FALSE
	EndGlobalSection
	GlobalSection(ExtensibilityGlobals) = postSolution
		SolutionGuid = {03AA1E7F-2896-4CEA-A6BD-6ECD9BD1E54A}
	EndGlobalSection
EndGlobal
